// !$*UTF8*$!
{
	archiveVersion = 1;
	classes = {
	};
	objectVersion = 50;
	objects = {

/* Begin PBXBuildFile section */
		40A0E986E4BD30FE36CFA444 /* Pods_CMUPoll.framework in Frameworks */ = {isa = PBXBuildFile; fileRef = 4F4433345E21173DC9356AF5 /* Pods_CMUPoll.framework */; };
		67EE22211B4BFEAE2B69B850 /* Pods_CMUPoll_CMUPollUITests.framework in Frameworks */ = {isa = PBXBuildFile; fileRef = E6DF4AE80FF1841D306D5C78 /* Pods_CMUPoll_CMUPollUITests.framework */; };
		703A87995581044AB0061837 /* Pods_CMUPollTests.framework in Frameworks */ = {isa = PBXBuildFile; fileRef = 10595F6B4BB67754D13F246C /* Pods_CMUPollTests.framework */; };
		A70E95B9236B011B00C38F2B /* Podfile in Resources */ = {isa = PBXBuildFile; fileRef = A70E95B8236B011A00C38F2B /* Podfile */; };
		A70E95BB236B012400C38F2B /* FirebaseDataHandler.swift in Sources */ = {isa = PBXBuildFile; fileRef = A70E95BA236B012400C38F2B /* FirebaseDataHandler.swift */; };
		A73F2A3F23726A2200F50FA2 /* GoogleService-Info.plist in Resources */ = {isa = PBXBuildFile; fileRef = A73F2A3E23726A2200F50FA2 /* GoogleService-Info.plist */; };
		A73F2A4023726C4D00F50FA2 /* FirebaseDataHandler.swift in Sources */ = {isa = PBXBuildFile; fileRef = A70E95BA236B012400C38F2B /* FirebaseDataHandler.swift */; };
		A73F2A4123726C5500F50FA2 /* ModelParser.swift in Sources */ = {isa = PBXBuildFile; fileRef = A7A95879236E3E4E009F2DF1 /* ModelParser.swift */; };
		A73F2A4223726C5B00F50FA2 /* FirebaseDataHandler.swift in Sources */ = {isa = PBXBuildFile; fileRef = A70E95BA236B012400C38F2B /* FirebaseDataHandler.swift */; };
		A73F2A4323726C6500F50FA2 /* ModelParser.swift in Sources */ = {isa = PBXBuildFile; fileRef = A7A95879236E3E4E009F2DF1 /* ModelParser.swift */; };
		A7577B3523710EC500FB055B /* PollTests.swift in Sources */ = {isa = PBXBuildFile; fileRef = A7577B3423710EC500FB055B /* PollTests.swift */; };
		A7A9587A236E3E4E009F2DF1 /* ModelParser.swift in Sources */ = {isa = PBXBuildFile; fileRef = A7A95879236E3E4E009F2DF1 /* ModelParser.swift */; };
		A7CEA1562373CD3800455C50 /* AndrewLogin.swift in Sources */ = {isa = PBXBuildFile; fileRef = A7CEA1552373CD3800455C50 /* AndrewLogin.swift */; };
		A7CEA1582373CD6600455C50 /* LoginView.swift in Sources */ = {isa = PBXBuildFile; fileRef = A7CEA1572373CD6600455C50 /* LoginView.swift */; };
		E8486D10236FA0B100B875AE /* TabbarView.swift in Sources */ = {isa = PBXBuildFile; fileRef = E8486D08236FA0B100B875AE /* TabbarView.swift */; };
		E8486D11236FA0B100B875AE /* SearchBarView.swift in Sources */ = {isa = PBXBuildFile; fileRef = E8486D09236FA0B100B875AE /* SearchBarView.swift */; };
		E8486D12236FA0B100B875AE /* AllPollsView.swift in Sources */ = {isa = PBXBuildFile; fileRef = E8486D0A236FA0B100B875AE /* AllPollsView.swift */; };
		E8486D13236FA0B100B875AE /* TagView.swift in Sources */ = {isa = PBXBuildFile; fileRef = E8486D0B236FA0B100B875AE /* TagView.swift */; };
		E8486D14236FA0B100B875AE /* PollsView.swift in Sources */ = {isa = PBXBuildFile; fileRef = E8486D0C236FA0B100B875AE /* PollsView.swift */; };
		E8486D15236FA0B100B875AE /* TagsView.swift in Sources */ = {isa = PBXBuildFile; fileRef = E8486D0D236FA0B100B875AE /* TagsView.swift */; };
		E8486D16236FA0B100B875AE /* PollView.swift in Sources */ = {isa = PBXBuildFile; fileRef = E8486D0E236FA0B100B875AE /* PollView.swift */; };
		E8486D17236FA0B100B875AE /* TagFilterView.swift in Sources */ = {isa = PBXBuildFile; fileRef = E8486D0F236FA0B100B875AE /* TagFilterView.swift */; };
		E8B6CBFA2371454B0056E18B /* UserTests.swift in Sources */ = {isa = PBXBuildFile; fileRef = E8B6CBF22371454B0056E18B /* UserTests.swift */; };
		E8B6CBFD23714AE90056E18B /* TagTests.swift in Sources */ = {isa = PBXBuildFile; fileRef = E8B6CBFC23714AE90056E18B /* TagTests.swift */; };
		E8B6CBFF23714F7F0056E18B /* QuestionTests.swift in Sources */ = {isa = PBXBuildFile; fileRef = E8B6CBFE23714F7E0056E18B /* QuestionTests.swift */; };
		E8B6CC01237161800056E18B /* OptionTests.swift in Sources */ = {isa = PBXBuildFile; fileRef = E8B6CC00237161800056E18B /* OptionTests.swift */; };
		E8B6CC03237165CA0056E18B /* AnswerTests.swift in Sources */ = {isa = PBXBuildFile; fileRef = E8B6CC02237165CA0056E18B /* AnswerTests.swift */; };
		E8B6CC07237168790056E18B /* CommentTests.swift in Sources */ = {isa = PBXBuildFile; fileRef = E8B6CC06237168790056E18B /* CommentTests.swift */; };
		E8B6CC0923716CE70056E18B /* LikeTests.swift in Sources */ = {isa = PBXBuildFile; fileRef = E8B6CC0823716CE70056E18B /* LikeTests.swift */; };
		E8CA4E0F23729D0400AD3B72 /* RadioButtonQuestionView.swift in Sources */ = {isa = PBXBuildFile; fileRef = E8CA4E0C23729D0400AD3B72 /* RadioButtonQuestionView.swift */; };
		E8CA4E1023729D0400AD3B72 /* QuestionBoxView.swift in Sources */ = {isa = PBXBuildFile; fileRef = E8CA4E0D23729D0400AD3B72 /* QuestionBoxView.swift */; };
		E8CA4E1123729D0400AD3B72 /* PollCreateView.swift in Sources */ = {isa = PBXBuildFile; fileRef = E8CA4E0E23729D0400AD3B72 /* PollCreateView.swift */; };
		E8CA4E192373CAB400AD3B72 /* InitializeUserView.swift in Sources */ = {isa = PBXBuildFile; fileRef = E8CA4E182373CAB400AD3B72 /* InitializeUserView.swift */; };
		E8D6E2D12366AFAF00F75AA2 /* AppDelegate.swift in Sources */ = {isa = PBXBuildFile; fileRef = E8D6E2D02366AFAF00F75AA2 /* AppDelegate.swift */; };
		E8D6E2D32366AFAF00F75AA2 /* SceneDelegate.swift in Sources */ = {isa = PBXBuildFile; fileRef = E8D6E2D22366AFAF00F75AA2 /* SceneDelegate.swift */; };
		E8D6E2D62366AFAF00F75AA2 /* CMUPoll.xcdatamodeld in Sources */ = {isa = PBXBuildFile; fileRef = E8D6E2D42366AFAF00F75AA2 /* CMUPoll.xcdatamodeld */; };
		E8D6E2D82366AFAF00F75AA2 /* ContentView.swift in Sources */ = {isa = PBXBuildFile; fileRef = E8D6E2D72366AFAF00F75AA2 /* ContentView.swift */; };
		E8D6E2DA2366AFB100F75AA2 /* Assets.xcassets in Resources */ = {isa = PBXBuildFile; fileRef = E8D6E2D92366AFB100F75AA2 /* Assets.xcassets */; };
		E8D6E2DD2366AFB100F75AA2 /* Preview Assets.xcassets in Resources */ = {isa = PBXBuildFile; fileRef = E8D6E2DC2366AFB100F75AA2 /* Preview Assets.xcassets */; };
		E8D6E2E02366AFB100F75AA2 /* LaunchScreen.storyboard in Resources */ = {isa = PBXBuildFile; fileRef = E8D6E2DE2366AFB100F75AA2 /* LaunchScreen.storyboard */; };
		E8D6E2F62366AFB100F75AA2 /* CMUPollUITests.swift in Sources */ = {isa = PBXBuildFile; fileRef = E8D6E2F52366AFB100F75AA2 /* CMUPollUITests.swift */; };
		E8D6E3052366B08D00F75AA2 /* Poll.swift in Sources */ = {isa = PBXBuildFile; fileRef = E8D6E3042366B08D00F75AA2 /* Poll.swift */; };
		E8D6E3062366B08D00F75AA2 /* Poll.swift in Sources */ = {isa = PBXBuildFile; fileRef = E8D6E3042366B08D00F75AA2 /* Poll.swift */; };
		E8D6E3072366B08D00F75AA2 /* Poll.swift in Sources */ = {isa = PBXBuildFile; fileRef = E8D6E3042366B08D00F75AA2 /* Poll.swift */; };
		E8D6E3092366B09800F75AA2 /* Like.swift in Sources */ = {isa = PBXBuildFile; fileRef = E8D6E3082366B09800F75AA2 /* Like.swift */; };
		E8D6E30A2366B09800F75AA2 /* Like.swift in Sources */ = {isa = PBXBuildFile; fileRef = E8D6E3082366B09800F75AA2 /* Like.swift */; };
		E8D6E30B2366B09800F75AA2 /* Like.swift in Sources */ = {isa = PBXBuildFile; fileRef = E8D6E3082366B09800F75AA2 /* Like.swift */; };
		E8D6E30D2366B0A500F75AA2 /* User.swift in Sources */ = {isa = PBXBuildFile; fileRef = E8D6E30C2366B0A500F75AA2 /* User.swift */; };
		E8D6E30E2366B0A500F75AA2 /* User.swift in Sources */ = {isa = PBXBuildFile; fileRef = E8D6E30C2366B0A500F75AA2 /* User.swift */; };
		E8D6E30F2366B0A500F75AA2 /* User.swift in Sources */ = {isa = PBXBuildFile; fileRef = E8D6E30C2366B0A500F75AA2 /* User.swift */; };
		E8D6E3112366B0B000F75AA2 /* Comment.swift in Sources */ = {isa = PBXBuildFile; fileRef = E8D6E3102366B0B000F75AA2 /* Comment.swift */; };
		E8D6E3122366B0B000F75AA2 /* Comment.swift in Sources */ = {isa = PBXBuildFile; fileRef = E8D6E3102366B0B000F75AA2 /* Comment.swift */; };
		E8D6E3132366B0B000F75AA2 /* Comment.swift in Sources */ = {isa = PBXBuildFile; fileRef = E8D6E3102366B0B000F75AA2 /* Comment.swift */; };
		E8D6E3152366B0BD00F75AA2 /* PollTag.swift in Sources */ = {isa = PBXBuildFile; fileRef = E8D6E3142366B0BD00F75AA2 /* PollTag.swift */; };
		E8D6E3162366B0BD00F75AA2 /* PollTag.swift in Sources */ = {isa = PBXBuildFile; fileRef = E8D6E3142366B0BD00F75AA2 /* PollTag.swift */; };
		E8D6E3172366B0BD00F75AA2 /* PollTag.swift in Sources */ = {isa = PBXBuildFile; fileRef = E8D6E3142366B0BD00F75AA2 /* PollTag.swift */; };
		E8D6E3192366B0C900F75AA2 /* Tag.swift in Sources */ = {isa = PBXBuildFile; fileRef = E8D6E3182366B0C900F75AA2 /* Tag.swift */; };
		E8D6E31A2366B0C900F75AA2 /* Tag.swift in Sources */ = {isa = PBXBuildFile; fileRef = E8D6E3182366B0C900F75AA2 /* Tag.swift */; };
		E8D6E31B2366B0C900F75AA2 /* Tag.swift in Sources */ = {isa = PBXBuildFile; fileRef = E8D6E3182366B0C900F75AA2 /* Tag.swift */; };
		E8D6E31D2366B0D100F75AA2 /* Question.swift in Sources */ = {isa = PBXBuildFile; fileRef = E8D6E31C2366B0D100F75AA2 /* Question.swift */; };
		E8D6E31E2366B0D100F75AA2 /* Question.swift in Sources */ = {isa = PBXBuildFile; fileRef = E8D6E31C2366B0D100F75AA2 /* Question.swift */; };
		E8D6E31F2366B0D100F75AA2 /* Question.swift in Sources */ = {isa = PBXBuildFile; fileRef = E8D6E31C2366B0D100F75AA2 /* Question.swift */; };
		E8D6E3212366B0E100F75AA2 /* Answer.swift in Sources */ = {isa = PBXBuildFile; fileRef = E8D6E3202366B0E100F75AA2 /* Answer.swift */; };
		E8D6E3222366B0E100F75AA2 /* Answer.swift in Sources */ = {isa = PBXBuildFile; fileRef = E8D6E3202366B0E100F75AA2 /* Answer.swift */; };
		E8D6E3232366B0E100F75AA2 /* Answer.swift in Sources */ = {isa = PBXBuildFile; fileRef = E8D6E3202366B0E100F75AA2 /* Answer.swift */; };
		E8D6E3252366B0EA00F75AA2 /* Option.swift in Sources */ = {isa = PBXBuildFile; fileRef = E8D6E3242366B0EA00F75AA2 /* Option.swift */; };
		E8D6E3262366B0EA00F75AA2 /* Option.swift in Sources */ = {isa = PBXBuildFile; fileRef = E8D6E3242366B0EA00F75AA2 /* Option.swift */; };
		E8D6E3272366B0EA00F75AA2 /* Option.swift in Sources */ = {isa = PBXBuildFile; fileRef = E8D6E3242366B0EA00F75AA2 /* Option.swift */; };
		F056C92D2370F41800C9AF6A /* PollDetailView.swift in Sources */ = {isa = PBXBuildFile; fileRef = F056C92C2370F41800C9AF6A /* PollDetailView.swift */; };
		F056C92F2371028F00C9AF6A /* AnswerBoxView.swift in Sources */ = {isa = PBXBuildFile; fileRef = F056C92E2371028F00C9AF6A /* AnswerBoxView.swift */; };
		F056C931237106FC00C9AF6A /* PollDetailDescriptionView.swift in Sources */ = {isa = PBXBuildFile; fileRef = F056C930237106FC00C9AF6A /* PollDetailDescriptionView.swift */; };
		F0BDB49523712FD200F855F6 /* PollResultBoxView.swift in Sources */ = {isa = PBXBuildFile; fileRef = F0BDB49423712FD200F855F6 /* PollResultBoxView.swift */; };
		F0BDB4972371300100F855F6 /* RadioButtonView.swift in Sources */ = {isa = PBXBuildFile; fileRef = F0BDB4962371300100F855F6 /* RadioButtonView.swift */; };
		F0BDB4992371308600F855F6 /* ButtonView.swift in Sources */ = {isa = PBXBuildFile; fileRef = F0BDB4982371308600F855F6 /* ButtonView.swift */; };
		F0BDB49B2371358C00F855F6 /* AnswerGraphView.swift in Sources */ = {isa = PBXBuildFile; fileRef = F0BDB49A2371358C00F855F6 /* AnswerGraphView.swift */; };
		F0BDB49D2371372E00F855F6 /* BarGraphView.swift in Sources */ = {isa = PBXBuildFile; fileRef = F0BDB49C2371372E00F855F6 /* BarGraphView.swift */; };
		F0C9C4E223734C7D00C55D90 /* UploaderProfileView.swift in Sources */ = {isa = PBXBuildFile; fileRef = F0C9C4E123734C7D00C55D90 /* UploaderProfileView.swift */; };
		F0C9C4E4237350A200C55D90 /* PollUploaderProfileView.swift in Sources */ = {isa = PBXBuildFile; fileRef = F0C9C4E3237350A200C55D90 /* PollUploaderProfileView.swift */; };
/* End PBXBuildFile section */

/* Begin PBXContainerItemProxy section */
		E8D6E2E72366AFB100F75AA2 /* PBXContainerItemProxy */ = {
			isa = PBXContainerItemProxy;
			containerPortal = E8D6E2C52366AFAF00F75AA2 /* Project object */;
			proxyType = 1;
			remoteGlobalIDString = E8D6E2CC2366AFAF00F75AA2;
			remoteInfo = CMUPoll;
		};
		E8D6E2F22366AFB100F75AA2 /* PBXContainerItemProxy */ = {
			isa = PBXContainerItemProxy;
			containerPortal = E8D6E2C52366AFAF00F75AA2 /* Project object */;
			proxyType = 1;
			remoteGlobalIDString = E8D6E2CC2366AFAF00F75AA2;
			remoteInfo = CMUPoll;
		};
/* End PBXContainerItemProxy section */

/* Begin PBXFileReference section */
		10595F6B4BB67754D13F246C /* Pods_CMUPollTests.framework */ = {isa = PBXFileReference; explicitFileType = wrapper.framework; includeInIndex = 0; path = Pods_CMUPollTests.framework; sourceTree = BUILT_PRODUCTS_DIR; };
		35A13B9A0071AAC80960FA27 /* Pods-CMUPoll.release.xcconfig */ = {isa = PBXFileReference; includeInIndex = 1; lastKnownFileType = text.xcconfig; name = "Pods-CMUPoll.release.xcconfig"; path = "Target Support Files/Pods-CMUPoll/Pods-CMUPoll.release.xcconfig"; sourceTree = "<group>"; };
		4F4433345E21173DC9356AF5 /* Pods_CMUPoll.framework */ = {isa = PBXFileReference; explicitFileType = wrapper.framework; includeInIndex = 0; path = Pods_CMUPoll.framework; sourceTree = BUILT_PRODUCTS_DIR; };
		8C950119B7157C759B249D32 /* Pods-CMUPoll-CMUPollUITests.debug.xcconfig */ = {isa = PBXFileReference; includeInIndex = 1; lastKnownFileType = text.xcconfig; name = "Pods-CMUPoll-CMUPollUITests.debug.xcconfig"; path = "Target Support Files/Pods-CMUPoll-CMUPollUITests/Pods-CMUPoll-CMUPollUITests.debug.xcconfig"; sourceTree = "<group>"; };
		9942737FF4E53FF11134504F /* Pods-CMUPoll-CMUPollUITests.release.xcconfig */ = {isa = PBXFileReference; includeInIndex = 1; lastKnownFileType = text.xcconfig; name = "Pods-CMUPoll-CMUPollUITests.release.xcconfig"; path = "Target Support Files/Pods-CMUPoll-CMUPollUITests/Pods-CMUPoll-CMUPollUITests.release.xcconfig"; sourceTree = "<group>"; };
		A70E95B8236B011A00C38F2B /* Podfile */ = {isa = PBXFileReference; fileEncoding = 4; lastKnownFileType = text; path = Podfile; sourceTree = "<group>"; xcLanguageSpecificationIdentifier = xcode.lang.ruby; };
		A70E95BA236B012400C38F2B /* FirebaseDataHandler.swift */ = {isa = PBXFileReference; fileEncoding = 4; lastKnownFileType = sourcecode.swift; path = FirebaseDataHandler.swift; sourceTree = "<group>"; };
		A73F2A3E23726A2200F50FA2 /* GoogleService-Info.plist */ = {isa = PBXFileReference; fileEncoding = 4; lastKnownFileType = text.plist.xml; path = "GoogleService-Info.plist"; sourceTree = "<group>"; };
		A7577B3423710EC500FB055B /* PollTests.swift */ = {isa = PBXFileReference; fileEncoding = 4; lastKnownFileType = sourcecode.swift; path = PollTests.swift; sourceTree = "<group>"; };
		A7A95879236E3E4E009F2DF1 /* ModelParser.swift */ = {isa = PBXFileReference; lastKnownFileType = sourcecode.swift; path = ModelParser.swift; sourceTree = "<group>"; };
		A7CEA1552373CD3800455C50 /* AndrewLogin.swift */ = {isa = PBXFileReference; lastKnownFileType = sourcecode.swift; path = AndrewLogin.swift; sourceTree = "<group>"; };
		A7CEA1572373CD6600455C50 /* LoginView.swift */ = {isa = PBXFileReference; lastKnownFileType = sourcecode.swift; path = LoginView.swift; sourceTree = "<group>"; };
		DBC6774DA1CB6D9CDB5EF08B /* Pods-CMUPollTests.release.xcconfig */ = {isa = PBXFileReference; includeInIndex = 1; lastKnownFileType = text.xcconfig; name = "Pods-CMUPollTests.release.xcconfig"; path = "Target Support Files/Pods-CMUPollTests/Pods-CMUPollTests.release.xcconfig"; sourceTree = "<group>"; };
		E2D03E46D51A3DE107BE5D16 /* Pods-CMUPollTests.debug.xcconfig */ = {isa = PBXFileReference; includeInIndex = 1; lastKnownFileType = text.xcconfig; name = "Pods-CMUPollTests.debug.xcconfig"; path = "Target Support Files/Pods-CMUPollTests/Pods-CMUPollTests.debug.xcconfig"; sourceTree = "<group>"; };
		E6DF4AE80FF1841D306D5C78 /* Pods_CMUPoll_CMUPollUITests.framework */ = {isa = PBXFileReference; explicitFileType = wrapper.framework; includeInIndex = 0; path = Pods_CMUPoll_CMUPollUITests.framework; sourceTree = BUILT_PRODUCTS_DIR; };
		E8486D08236FA0B100B875AE /* TabbarView.swift */ = {isa = PBXFileReference; fileEncoding = 4; lastKnownFileType = sourcecode.swift; path = TabbarView.swift; sourceTree = "<group>"; };
		E8486D09236FA0B100B875AE /* SearchBarView.swift */ = {isa = PBXFileReference; fileEncoding = 4; lastKnownFileType = sourcecode.swift; path = SearchBarView.swift; sourceTree = "<group>"; };
		E8486D0A236FA0B100B875AE /* AllPollsView.swift */ = {isa = PBXFileReference; fileEncoding = 4; lastKnownFileType = sourcecode.swift; path = AllPollsView.swift; sourceTree = "<group>"; };
		E8486D0B236FA0B100B875AE /* TagView.swift */ = {isa = PBXFileReference; fileEncoding = 4; lastKnownFileType = sourcecode.swift; path = TagView.swift; sourceTree = "<group>"; };
		E8486D0C236FA0B100B875AE /* PollsView.swift */ = {isa = PBXFileReference; fileEncoding = 4; lastKnownFileType = sourcecode.swift; path = PollsView.swift; sourceTree = "<group>"; };
		E8486D0D236FA0B100B875AE /* TagsView.swift */ = {isa = PBXFileReference; fileEncoding = 4; lastKnownFileType = sourcecode.swift; path = TagsView.swift; sourceTree = "<group>"; };
		E8486D0E236FA0B100B875AE /* PollView.swift */ = {isa = PBXFileReference; fileEncoding = 4; lastKnownFileType = sourcecode.swift; path = PollView.swift; sourceTree = "<group>"; };
		E8486D0F236FA0B100B875AE /* TagFilterView.swift */ = {isa = PBXFileReference; fileEncoding = 4; lastKnownFileType = sourcecode.swift; path = TagFilterView.swift; sourceTree = "<group>"; };
		E8B6CBF22371454B0056E18B /* UserTests.swift */ = {isa = PBXFileReference; fileEncoding = 4; lastKnownFileType = sourcecode.swift; path = UserTests.swift; sourceTree = "<group>"; };
		E8B6CBFC23714AE90056E18B /* TagTests.swift */ = {isa = PBXFileReference; fileEncoding = 4; lastKnownFileType = sourcecode.swift; path = TagTests.swift; sourceTree = "<group>"; };
		E8B6CBFE23714F7E0056E18B /* QuestionTests.swift */ = {isa = PBXFileReference; fileEncoding = 4; lastKnownFileType = sourcecode.swift; path = QuestionTests.swift; sourceTree = "<group>"; };
		E8B6CC00237161800056E18B /* OptionTests.swift */ = {isa = PBXFileReference; fileEncoding = 4; lastKnownFileType = sourcecode.swift; path = OptionTests.swift; sourceTree = "<group>"; };
		E8B6CC02237165CA0056E18B /* AnswerTests.swift */ = {isa = PBXFileReference; fileEncoding = 4; lastKnownFileType = sourcecode.swift; path = AnswerTests.swift; sourceTree = "<group>"; };
		E8B6CC06237168790056E18B /* CommentTests.swift */ = {isa = PBXFileReference; fileEncoding = 4; lastKnownFileType = sourcecode.swift; path = CommentTests.swift; sourceTree = "<group>"; };
		E8B6CC0823716CE70056E18B /* LikeTests.swift */ = {isa = PBXFileReference; fileEncoding = 4; lastKnownFileType = sourcecode.swift; path = LikeTests.swift; sourceTree = "<group>"; };
		E8CA4E0C23729D0400AD3B72 /* RadioButtonQuestionView.swift */ = {isa = PBXFileReference; fileEncoding = 4; lastKnownFileType = sourcecode.swift; path = RadioButtonQuestionView.swift; sourceTree = "<group>"; };
		E8CA4E0D23729D0400AD3B72 /* QuestionBoxView.swift */ = {isa = PBXFileReference; fileEncoding = 4; lastKnownFileType = sourcecode.swift; path = QuestionBoxView.swift; sourceTree = "<group>"; };
		E8CA4E0E23729D0400AD3B72 /* PollCreateView.swift */ = {isa = PBXFileReference; fileEncoding = 4; lastKnownFileType = sourcecode.swift; path = PollCreateView.swift; sourceTree = "<group>"; };
		E8CA4E182373CAB400AD3B72 /* InitializeUserView.swift */ = {isa = PBXFileReference; fileEncoding = 4; lastKnownFileType = sourcecode.swift; path = InitializeUserView.swift; sourceTree = "<group>"; };
		E8D6E2CD2366AFAF00F75AA2 /* CMUPoll.app */ = {isa = PBXFileReference; explicitFileType = wrapper.application; includeInIndex = 0; path = CMUPoll.app; sourceTree = BUILT_PRODUCTS_DIR; };
		E8D6E2D02366AFAF00F75AA2 /* AppDelegate.swift */ = {isa = PBXFileReference; lastKnownFileType = sourcecode.swift; path = AppDelegate.swift; sourceTree = "<group>"; };
		E8D6E2D22366AFAF00F75AA2 /* SceneDelegate.swift */ = {isa = PBXFileReference; lastKnownFileType = sourcecode.swift; path = SceneDelegate.swift; sourceTree = "<group>"; };
		E8D6E2D52366AFAF00F75AA2 /* CMUPoll.xcdatamodel */ = {isa = PBXFileReference; lastKnownFileType = wrapper.xcdatamodel; path = CMUPoll.xcdatamodel; sourceTree = "<group>"; };
		E8D6E2D72366AFAF00F75AA2 /* ContentView.swift */ = {isa = PBXFileReference; lastKnownFileType = sourcecode.swift; path = ContentView.swift; sourceTree = "<group>"; };
		E8D6E2D92366AFB100F75AA2 /* Assets.xcassets */ = {isa = PBXFileReference; lastKnownFileType = folder.assetcatalog; path = Assets.xcassets; sourceTree = "<group>"; };
		E8D6E2DC2366AFB100F75AA2 /* Preview Assets.xcassets */ = {isa = PBXFileReference; lastKnownFileType = folder.assetcatalog; path = "Preview Assets.xcassets"; sourceTree = "<group>"; };
		E8D6E2DF2366AFB100F75AA2 /* Base */ = {isa = PBXFileReference; lastKnownFileType = file.storyboard; name = Base; path = Base.lproj/LaunchScreen.storyboard; sourceTree = "<group>"; };
		E8D6E2E12366AFB100F75AA2 /* Info.plist */ = {isa = PBXFileReference; lastKnownFileType = text.plist.xml; path = Info.plist; sourceTree = "<group>"; };
		E8D6E2E62366AFB100F75AA2 /* CMUPollTests.xctest */ = {isa = PBXFileReference; explicitFileType = wrapper.cfbundle; includeInIndex = 0; path = CMUPollTests.xctest; sourceTree = BUILT_PRODUCTS_DIR; };
		E8D6E2EC2366AFB100F75AA2 /* Info.plist */ = {isa = PBXFileReference; lastKnownFileType = text.plist.xml; path = Info.plist; sourceTree = "<group>"; };
		E8D6E2F12366AFB100F75AA2 /* CMUPollUITests.xctest */ = {isa = PBXFileReference; explicitFileType = wrapper.cfbundle; includeInIndex = 0; path = CMUPollUITests.xctest; sourceTree = BUILT_PRODUCTS_DIR; };
		E8D6E2F52366AFB100F75AA2 /* CMUPollUITests.swift */ = {isa = PBXFileReference; lastKnownFileType = sourcecode.swift; path = CMUPollUITests.swift; sourceTree = "<group>"; };
		E8D6E2F72366AFB100F75AA2 /* Info.plist */ = {isa = PBXFileReference; lastKnownFileType = text.plist.xml; path = Info.plist; sourceTree = "<group>"; };
		E8D6E3042366B08D00F75AA2 /* Poll.swift */ = {isa = PBXFileReference; lastKnownFileType = sourcecode.swift; path = Poll.swift; sourceTree = "<group>"; };
		E8D6E3082366B09800F75AA2 /* Like.swift */ = {isa = PBXFileReference; lastKnownFileType = sourcecode.swift; path = Like.swift; sourceTree = "<group>"; };
		E8D6E30C2366B0A500F75AA2 /* User.swift */ = {isa = PBXFileReference; lastKnownFileType = sourcecode.swift; path = User.swift; sourceTree = "<group>"; };
		E8D6E3102366B0B000F75AA2 /* Comment.swift */ = {isa = PBXFileReference; lastKnownFileType = sourcecode.swift; path = Comment.swift; sourceTree = "<group>"; };
		E8D6E3142366B0BD00F75AA2 /* PollTag.swift */ = {isa = PBXFileReference; lastKnownFileType = sourcecode.swift; path = PollTag.swift; sourceTree = "<group>"; };
		E8D6E3182366B0C900F75AA2 /* Tag.swift */ = {isa = PBXFileReference; lastKnownFileType = sourcecode.swift; path = Tag.swift; sourceTree = "<group>"; };
		E8D6E31C2366B0D100F75AA2 /* Question.swift */ = {isa = PBXFileReference; lastKnownFileType = sourcecode.swift; path = Question.swift; sourceTree = "<group>"; };
		E8D6E3202366B0E100F75AA2 /* Answer.swift */ = {isa = PBXFileReference; lastKnownFileType = sourcecode.swift; path = Answer.swift; sourceTree = "<group>"; };
		E8D6E3242366B0EA00F75AA2 /* Option.swift */ = {isa = PBXFileReference; lastKnownFileType = sourcecode.swift; path = Option.swift; sourceTree = "<group>"; };
		ED4F5669A4D4277FCF9648A3 /* Pods-CMUPoll.debug.xcconfig */ = {isa = PBXFileReference; includeInIndex = 1; lastKnownFileType = text.xcconfig; name = "Pods-CMUPoll.debug.xcconfig"; path = "Target Support Files/Pods-CMUPoll/Pods-CMUPoll.debug.xcconfig"; sourceTree = "<group>"; };
		F056C92C2370F41800C9AF6A /* PollDetailView.swift */ = {isa = PBXFileReference; lastKnownFileType = sourcecode.swift; path = PollDetailView.swift; sourceTree = "<group>"; };
		F056C92E2371028F00C9AF6A /* AnswerBoxView.swift */ = {isa = PBXFileReference; lastKnownFileType = sourcecode.swift; path = AnswerBoxView.swift; sourceTree = "<group>"; };
		F056C930237106FC00C9AF6A /* PollDetailDescriptionView.swift */ = {isa = PBXFileReference; lastKnownFileType = sourcecode.swift; path = PollDetailDescriptionView.swift; sourceTree = "<group>"; };
		F0BDB49423712FD200F855F6 /* PollResultBoxView.swift */ = {isa = PBXFileReference; lastKnownFileType = sourcecode.swift; path = PollResultBoxView.swift; sourceTree = "<group>"; };
		F0BDB4962371300100F855F6 /* RadioButtonView.swift */ = {isa = PBXFileReference; lastKnownFileType = sourcecode.swift; path = RadioButtonView.swift; sourceTree = "<group>"; };
		F0BDB4982371308600F855F6 /* ButtonView.swift */ = {isa = PBXFileReference; lastKnownFileType = sourcecode.swift; path = ButtonView.swift; sourceTree = "<group>"; };
		F0BDB49A2371358C00F855F6 /* AnswerGraphView.swift */ = {isa = PBXFileReference; lastKnownFileType = sourcecode.swift; path = AnswerGraphView.swift; sourceTree = "<group>"; };
		F0BDB49C2371372E00F855F6 /* BarGraphView.swift */ = {isa = PBXFileReference; lastKnownFileType = sourcecode.swift; path = BarGraphView.swift; sourceTree = "<group>"; };
		F0C9C4E123734C7D00C55D90 /* UploaderProfileView.swift */ = {isa = PBXFileReference; lastKnownFileType = sourcecode.swift; path = UploaderProfileView.swift; sourceTree = "<group>"; };
		F0C9C4E3237350A200C55D90 /* PollUploaderProfileView.swift */ = {isa = PBXFileReference; lastKnownFileType = sourcecode.swift; path = PollUploaderProfileView.swift; sourceTree = "<group>"; };
/* End PBXFileReference section */

/* Begin PBXFrameworksBuildPhase section */
		E8D6E2CA2366AFAF00F75AA2 /* Frameworks */ = {
			isa = PBXFrameworksBuildPhase;
			buildActionMask = 2147483647;
			files = (
				40A0E986E4BD30FE36CFA444 /* Pods_CMUPoll.framework in Frameworks */,
			);
			runOnlyForDeploymentPostprocessing = 0;
		};
		E8D6E2E32366AFB100F75AA2 /* Frameworks */ = {
			isa = PBXFrameworksBuildPhase;
			buildActionMask = 2147483647;
			files = (
				703A87995581044AB0061837 /* Pods_CMUPollTests.framework in Frameworks */,
			);
			runOnlyForDeploymentPostprocessing = 0;
		};
		E8D6E2EE2366AFB100F75AA2 /* Frameworks */ = {
			isa = PBXFrameworksBuildPhase;
			buildActionMask = 2147483647;
			files = (
				67EE22211B4BFEAE2B69B850 /* Pods_CMUPoll_CMUPollUITests.framework in Frameworks */,
			);
			runOnlyForDeploymentPostprocessing = 0;
		};
/* End PBXFrameworksBuildPhase section */

/* Begin PBXGroup section */
		05DC37248DD49A92AF880F37 /* Frameworks */ = {
			isa = PBXGroup;
			children = (
				4F4433345E21173DC9356AF5 /* Pods_CMUPoll.framework */,
				E6DF4AE80FF1841D306D5C78 /* Pods_CMUPoll_CMUPollUITests.framework */,
				10595F6B4BB67754D13F246C /* Pods_CMUPollTests.framework */,
			);
			name = Frameworks;
			sourceTree = "<group>";
		};
		4210E7FB3A4DD4676D9FC967 /* Pods */ = {
			isa = PBXGroup;
			children = (
				ED4F5669A4D4277FCF9648A3 /* Pods-CMUPoll.debug.xcconfig */,
				35A13B9A0071AAC80960FA27 /* Pods-CMUPoll.release.xcconfig */,
				8C950119B7157C759B249D32 /* Pods-CMUPoll-CMUPollUITests.debug.xcconfig */,
				9942737FF4E53FF11134504F /* Pods-CMUPoll-CMUPollUITests.release.xcconfig */,
				E2D03E46D51A3DE107BE5D16 /* Pods-CMUPollTests.debug.xcconfig */,
				DBC6774DA1CB6D9CDB5EF08B /* Pods-CMUPollTests.release.xcconfig */,
			);
			path = Pods;
			sourceTree = "<group>";
		};
		E8486D07236FA09200B875AE /* Views */ = {
			isa = PBXGroup;
			children = (
				E8486D0A236FA0B100B875AE /* AllPollsView.swift */,
				F056C92E2371028F00C9AF6A /* AnswerBoxView.swift */,
				F0BDB49A2371358C00F855F6 /* AnswerGraphView.swift */,
				F0BDB4982371308600F855F6 /* ButtonView.swift */,
				F0BDB49C2371372E00F855F6 /* BarGraphView.swift */,
				F056C92C2370F41800C9AF6A /* PollDetailView.swift */,
				F056C930237106FC00C9AF6A /* PollDetailDescriptionView.swift */,
				F0BDB49423712FD200F855F6 /* PollResultBoxView.swift */,
				E8486D0C236FA0B100B875AE /* PollsView.swift */,
				E8486D0E236FA0B100B875AE /* PollView.swift */,
				E8CA4E0E23729D0400AD3B72 /* PollCreateView.swift */,
				F0C9C4E3237350A200C55D90 /* PollUploaderProfileView.swift */,
				F0C9C4E123734C7D00C55D90 /* UploaderProfileView.swift */,
				E8CA4E0D23729D0400AD3B72 /* QuestionBoxView.swift */,
				E8CA4E0C23729D0400AD3B72 /* RadioButtonQuestionView.swift */,
				F0BDB4962371300100F855F6 /* RadioButtonView.swift */,
				E8486D09236FA0B100B875AE /* SearchBarView.swift */,
				E8486D08236FA0B100B875AE /* TabbarView.swift */,
				E8486D0F236FA0B100B875AE /* TagFilterView.swift */,
				E8486D0D236FA0B100B875AE /* TagsView.swift */,
				E8486D0B236FA0B100B875AE /* TagView.swift */,
				A7CEA1572373CD6600455C50 /* LoginView.swift */,
				E8CA4E182373CAB400AD3B72 /* InitializeUserView.swift */,
			);
			path = Views;
			sourceTree = "<group>";
		};
		E8D6E2C42366AFAF00F75AA2 = {
			isa = PBXGroup;
			children = (
				A70E95B8236B011A00C38F2B /* Podfile */,
				E8D6E2CF2366AFAF00F75AA2 /* CMUPoll */,
				E8D6E2E92366AFB100F75AA2 /* CMUPollTests */,
				E8D6E2F42366AFB100F75AA2 /* CMUPollUITests */,
				E8D6E2CE2366AFAF00F75AA2 /* Products */,
				4210E7FB3A4DD4676D9FC967 /* Pods */,
				05DC37248DD49A92AF880F37 /* Frameworks */,
			);
			sourceTree = "<group>";
		};
		E8D6E2CE2366AFAF00F75AA2 /* Products */ = {
			isa = PBXGroup;
			children = (
				E8D6E2CD2366AFAF00F75AA2 /* CMUPoll.app */,
				E8D6E2E62366AFB100F75AA2 /* CMUPollTests.xctest */,
				E8D6E2F12366AFB100F75AA2 /* CMUPollUITests.xctest */,
			);
			name = Products;
			sourceTree = "<group>";
		};
		E8D6E2CF2366AFAF00F75AA2 /* CMUPoll */ = {
			isa = PBXGroup;
			children = (
				E8486D07236FA09200B875AE /* Views */,
				E8D6E2D02366AFAF00F75AA2 /* AppDelegate.swift */,
				E8D6E2D22366AFAF00F75AA2 /* SceneDelegate.swift */,
				E8D6E2D72366AFAF00F75AA2 /* ContentView.swift */,
				A70E95BA236B012400C38F2B /* FirebaseDataHandler.swift */,
				A7A95879236E3E4E009F2DF1 /* ModelParser.swift */,
				A7CEA1552373CD3800455C50 /* AndrewLogin.swift */,
				E8D6E3032366AFDD00F75AA2 /* Models */,
				E8D6E2D92366AFB100F75AA2 /* Assets.xcassets */,
				E8D6E2DE2366AFB100F75AA2 /* LaunchScreen.storyboard */,
				E8D6E2E12366AFB100F75AA2 /* Info.plist */,
				A73F2A3E23726A2200F50FA2 /* GoogleService-Info.plist */,
				E8D6E2D42366AFAF00F75AA2 /* CMUPoll.xcdatamodeld */,
				E8D6E2DB2366AFB100F75AA2 /* Preview Content */,
			);
			path = CMUPoll;
			sourceTree = "<group>";
		};
		E8D6E2DB2366AFB100F75AA2 /* Preview Content */ = {
			isa = PBXGroup;
			children = (
				E8D6E2DC2366AFB100F75AA2 /* Preview Assets.xcassets */,
			);
			path = "Preview Content";
			sourceTree = "<group>";
		};
		E8D6E2E92366AFB100F75AA2 /* CMUPollTests */ = {
			isa = PBXGroup;
			children = (
				E8B6CC0823716CE70056E18B /* LikeTests.swift */,
				E8B6CC06237168790056E18B /* CommentTests.swift */,
				E8B6CC02237165CA0056E18B /* AnswerTests.swift */,
				E8B6CC00237161800056E18B /* OptionTests.swift */,
				E8B6CBFE23714F7E0056E18B /* QuestionTests.swift */,
				E8B6CBFC23714AE90056E18B /* TagTests.swift */,
				E8B6CBF22371454B0056E18B /* UserTests.swift */,
				A7577B3423710EC500FB055B /* PollTests.swift */,
				E8D6E2EC2366AFB100F75AA2 /* Info.plist */,
			);
			path = CMUPollTests;
			sourceTree = "<group>";
		};
		E8D6E2F42366AFB100F75AA2 /* CMUPollUITests */ = {
			isa = PBXGroup;
			children = (
				E8D6E2F52366AFB100F75AA2 /* CMUPollUITests.swift */,
				E8D6E2F72366AFB100F75AA2 /* Info.plist */,
			);
			path = CMUPollUITests;
			sourceTree = "<group>";
		};
		E8D6E3032366AFDD00F75AA2 /* Models */ = {
			isa = PBXGroup;
			children = (
				E8D6E3042366B08D00F75AA2 /* Poll.swift */,
				E8D6E3082366B09800F75AA2 /* Like.swift */,
				E8D6E30C2366B0A500F75AA2 /* User.swift */,
				E8D6E3102366B0B000F75AA2 /* Comment.swift */,
				E8D6E3142366B0BD00F75AA2 /* PollTag.swift */,
				E8D6E3182366B0C900F75AA2 /* Tag.swift */,
				E8D6E31C2366B0D100F75AA2 /* Question.swift */,
				E8D6E3202366B0E100F75AA2 /* Answer.swift */,
				E8D6E3242366B0EA00F75AA2 /* Option.swift */,
			);
			path = Models;
			sourceTree = "<group>";
		};
/* End PBXGroup section */

/* Begin PBXNativeTarget section */
		E8D6E2CC2366AFAF00F75AA2 /* CMUPoll */ = {
			isa = PBXNativeTarget;
			buildConfigurationList = E8D6E2FA2366AFB100F75AA2 /* Build configuration list for PBXNativeTarget "CMUPoll" */;
			buildPhases = (
				39D8D60251E1A8F0543B5908 /* [CP] Check Pods Manifest.lock */,
				E8D6E2C92366AFAF00F75AA2 /* Sources */,
				E8D6E2CA2366AFAF00F75AA2 /* Frameworks */,
				E8D6E2CB2366AFAF00F75AA2 /* Resources */,
				A6E9DE1D48DE3D09673672BA /* [CP] Embed Pods Frameworks */,
				1F5AA5A8125E0A3F8B0A0BE7 /* [CP] Copy Pods Resources */,
			);
			buildRules = (
			);
			dependencies = (
			);
			name = CMUPoll;
			productName = CMUPoll;
			productReference = E8D6E2CD2366AFAF00F75AA2 /* CMUPoll.app */;
			productType = "com.apple.product-type.application";
		};
		E8D6E2E52366AFB100F75AA2 /* CMUPollTests */ = {
			isa = PBXNativeTarget;
			buildConfigurationList = E8D6E2FD2366AFB100F75AA2 /* Build configuration list for PBXNativeTarget "CMUPollTests" */;
			buildPhases = (
				68C394407A5989B122D57191 /* [CP] Check Pods Manifest.lock */,
				E8D6E2E22366AFB100F75AA2 /* Sources */,
				E8D6E2E32366AFB100F75AA2 /* Frameworks */,
				E8D6E2E42366AFB100F75AA2 /* Resources */,
			);
			buildRules = (
			);
			dependencies = (
				E8D6E2E82366AFB100F75AA2 /* PBXTargetDependency */,
			);
			name = CMUPollTests;
			productName = CMUPollTests;
			productReference = E8D6E2E62366AFB100F75AA2 /* CMUPollTests.xctest */;
			productType = "com.apple.product-type.bundle.unit-test";
		};
		E8D6E2F02366AFB100F75AA2 /* CMUPollUITests */ = {
			isa = PBXNativeTarget;
			buildConfigurationList = E8D6E3002366AFB100F75AA2 /* Build configuration list for PBXNativeTarget "CMUPollUITests" */;
			buildPhases = (
				00258D398414CC13D0031D43 /* [CP] Check Pods Manifest.lock */,
				E8D6E2ED2366AFB100F75AA2 /* Sources */,
				E8D6E2EE2366AFB100F75AA2 /* Frameworks */,
				E8D6E2EF2366AFB100F75AA2 /* Resources */,
				4610C889719B47DEB3616329 /* [CP] Embed Pods Frameworks */,
				D3E5E1E84155EC13B3C2972E /* [CP] Copy Pods Resources */,
			);
			buildRules = (
			);
			dependencies = (
				E8D6E2F32366AFB100F75AA2 /* PBXTargetDependency */,
			);
			name = CMUPollUITests;
			productName = CMUPollUITests;
			productReference = E8D6E2F12366AFB100F75AA2 /* CMUPollUITests.xctest */;
			productType = "com.apple.product-type.bundle.ui-testing";
		};
/* End PBXNativeTarget section */

/* Begin PBXProject section */
		E8D6E2C52366AFAF00F75AA2 /* Project object */ = {
			isa = PBXProject;
			attributes = {
				LastSwiftUpdateCheck = 1110;
				LastUpgradeCheck = 1110;
				ORGANIZATIONNAME = "Aiden Lee";
				TargetAttributes = {
					E8D6E2CC2366AFAF00F75AA2 = {
						CreatedOnToolsVersion = 11.1;
					};
					E8D6E2E52366AFB100F75AA2 = {
						CreatedOnToolsVersion = 11.1;
						TestTargetID = E8D6E2CC2366AFAF00F75AA2;
					};
					E8D6E2F02366AFB100F75AA2 = {
						CreatedOnToolsVersion = 11.1;
						TestTargetID = E8D6E2CC2366AFAF00F75AA2;
					};
				};
			};
			buildConfigurationList = E8D6E2C82366AFAF00F75AA2 /* Build configuration list for PBXProject "CMUPoll" */;
			compatibilityVersion = "Xcode 9.3";
			developmentRegion = en;
			hasScannedForEncodings = 0;
			knownRegions = (
				en,
				Base,
			);
			mainGroup = E8D6E2C42366AFAF00F75AA2;
			productRefGroup = E8D6E2CE2366AFAF00F75AA2 /* Products */;
			projectDirPath = "";
			projectRoot = "";
			targets = (
				E8D6E2CC2366AFAF00F75AA2 /* CMUPoll */,
				E8D6E2E52366AFB100F75AA2 /* CMUPollTests */,
				E8D6E2F02366AFB100F75AA2 /* CMUPollUITests */,
			);
		};
/* End PBXProject section */

/* Begin PBXResourcesBuildPhase section */
		E8D6E2CB2366AFAF00F75AA2 /* Resources */ = {
			isa = PBXResourcesBuildPhase;
			buildActionMask = 2147483647;
			files = (
				E8D6E2E02366AFB100F75AA2 /* LaunchScreen.storyboard in Resources */,
				E8D6E2DD2366AFB100F75AA2 /* Preview Assets.xcassets in Resources */,
				A73F2A3F23726A2200F50FA2 /* GoogleService-Info.plist in Resources */,
				A70E95B9236B011B00C38F2B /* Podfile in Resources */,
				E8D6E2DA2366AFB100F75AA2 /* Assets.xcassets in Resources */,
			);
			runOnlyForDeploymentPostprocessing = 0;
		};
		E8D6E2E42366AFB100F75AA2 /* Resources */ = {
			isa = PBXResourcesBuildPhase;
			buildActionMask = 2147483647;
			files = (
			);
			runOnlyForDeploymentPostprocessing = 0;
		};
		E8D6E2EF2366AFB100F75AA2 /* Resources */ = {
			isa = PBXResourcesBuildPhase;
			buildActionMask = 2147483647;
			files = (
			);
			runOnlyForDeploymentPostprocessing = 0;
		};
/* End PBXResourcesBuildPhase section */

/* Begin PBXShellScriptBuildPhase section */
		00258D398414CC13D0031D43 /* [CP] Check Pods Manifest.lock */ = {
			isa = PBXShellScriptBuildPhase;
			buildActionMask = 2147483647;
			files = (
			);
			inputFileListPaths = (
			);
			inputPaths = (
				"${PODS_PODFILE_DIR_PATH}/Podfile.lock",
				"${PODS_ROOT}/Manifest.lock",
			);
			name = "[CP] Check Pods Manifest.lock";
			outputFileListPaths = (
			);
			outputPaths = (
				"$(DERIVED_FILE_DIR)/Pods-CMUPoll-CMUPollUITests-checkManifestLockResult.txt",
			);
			runOnlyForDeploymentPostprocessing = 0;
			shellPath = /bin/sh;
			shellScript = "diff \"${PODS_PODFILE_DIR_PATH}/Podfile.lock\" \"${PODS_ROOT}/Manifest.lock\" > /dev/null\nif [ $? != 0 ] ; then\n    # print error to STDERR\n    echo \"error: The sandbox is not in sync with the Podfile.lock. Run 'pod install' or update your CocoaPods installation.\" >&2\n    exit 1\nfi\n# This output is used by Xcode 'outputs' to avoid re-running this script phase.\necho \"SUCCESS\" > \"${SCRIPT_OUTPUT_FILE_0}\"\n";
			showEnvVarsInLog = 0;
		};
		1F5AA5A8125E0A3F8B0A0BE7 /* [CP] Copy Pods Resources */ = {
			isa = PBXShellScriptBuildPhase;
			buildActionMask = 2147483647;
			files = (
			);
			inputFileListPaths = (
			);
			inputPaths = (
				"${PODS_ROOT}/Target Support Files/Pods-CMUPoll/Pods-CMUPoll-resources.sh",
				"${PODS_ROOT}/GoogleSignIn/Resources/GoogleSignIn.bundle",
			);
			name = "[CP] Copy Pods Resources";
			outputFileListPaths = (
			);
			outputPaths = (
				"${TARGET_BUILD_DIR}/${UNLOCALIZED_RESOURCES_FOLDER_PATH}/GoogleSignIn.bundle",
			);
			runOnlyForDeploymentPostprocessing = 0;
			shellPath = /bin/sh;
			shellScript = "\"${PODS_ROOT}/Target Support Files/Pods-CMUPoll/Pods-CMUPoll-resources.sh\"\n";
			showEnvVarsInLog = 0;
		};
		39D8D60251E1A8F0543B5908 /* [CP] Check Pods Manifest.lock */ = {
			isa = PBXShellScriptBuildPhase;
			buildActionMask = 2147483647;
			files = (
			);
			inputFileListPaths = (
			);
			inputPaths = (
				"${PODS_PODFILE_DIR_PATH}/Podfile.lock",
				"${PODS_ROOT}/Manifest.lock",
			);
			name = "[CP] Check Pods Manifest.lock";
			outputFileListPaths = (
			);
			outputPaths = (
				"$(DERIVED_FILE_DIR)/Pods-CMUPoll-checkManifestLockResult.txt",
			);
			runOnlyForDeploymentPostprocessing = 0;
			shellPath = /bin/sh;
			shellScript = "diff \"${PODS_PODFILE_DIR_PATH}/Podfile.lock\" \"${PODS_ROOT}/Manifest.lock\" > /dev/null\nif [ $? != 0 ] ; then\n    # print error to STDERR\n    echo \"error: The sandbox is not in sync with the Podfile.lock. Run 'pod install' or update your CocoaPods installation.\" >&2\n    exit 1\nfi\n# This output is used by Xcode 'outputs' to avoid re-running this script phase.\necho \"SUCCESS\" > \"${SCRIPT_OUTPUT_FILE_0}\"\n";
			showEnvVarsInLog = 0;
		};
		4610C889719B47DEB3616329 /* [CP] Embed Pods Frameworks */ = {
			isa = PBXShellScriptBuildPhase;
			buildActionMask = 2147483647;
			files = (
			);
			inputFileListPaths = (
			);
			inputPaths = (
				"${PODS_ROOT}/Target Support Files/Pods-CMUPoll-CMUPollUITests/Pods-CMUPoll-CMUPollUITests-frameworks.sh",
				"${BUILT_PRODUCTS_DIR}/AppAuth/AppAuth.framework",
				"${BUILT_PRODUCTS_DIR}/BoringSSL-GRPC/openssl_grpc.framework",
				"${BUILT_PRODUCTS_DIR}/GTMAppAuth/GTMAppAuth.framework",
				"${BUILT_PRODUCTS_DIR}/GTMSessionFetcher/GTMSessionFetcher.framework",
				"${BUILT_PRODUCTS_DIR}/GoogleUtilities/GoogleUtilities.framework",
				"${BUILT_PRODUCTS_DIR}/Protobuf/protobuf.framework",
				"${BUILT_PRODUCTS_DIR}/RadioGroup/RadioGroup.framework",
				"${BUILT_PRODUCTS_DIR}/SweeterSwift/SweeterSwift.framework",
				"${BUILT_PRODUCTS_DIR}/gRPC-C++/grpcpp.framework",
				"${BUILT_PRODUCTS_DIR}/gRPC-Core/grpc.framework",
				"${BUILT_PRODUCTS_DIR}/leveldb-library/leveldb.framework",
				"${BUILT_PRODUCTS_DIR}/nanopb/nanopb.framework",
			);
			name = "[CP] Embed Pods Frameworks";
			outputFileListPaths = (
			);
			outputPaths = (
				"${TARGET_BUILD_DIR}/${FRAMEWORKS_FOLDER_PATH}/AppAuth.framework",
				"${TARGET_BUILD_DIR}/${FRAMEWORKS_FOLDER_PATH}/openssl_grpc.framework",
				"${TARGET_BUILD_DIR}/${FRAMEWORKS_FOLDER_PATH}/GTMAppAuth.framework",
				"${TARGET_BUILD_DIR}/${FRAMEWORKS_FOLDER_PATH}/GTMSessionFetcher.framework",
				"${TARGET_BUILD_DIR}/${FRAMEWORKS_FOLDER_PATH}/GoogleUtilities.framework",
				"${TARGET_BUILD_DIR}/${FRAMEWORKS_FOLDER_PATH}/protobuf.framework",
				"${TARGET_BUILD_DIR}/${FRAMEWORKS_FOLDER_PATH}/RadioGroup.framework",
				"${TARGET_BUILD_DIR}/${FRAMEWORKS_FOLDER_PATH}/SweeterSwift.framework",
				"${TARGET_BUILD_DIR}/${FRAMEWORKS_FOLDER_PATH}/grpcpp.framework",
				"${TARGET_BUILD_DIR}/${FRAMEWORKS_FOLDER_PATH}/grpc.framework",
				"${TARGET_BUILD_DIR}/${FRAMEWORKS_FOLDER_PATH}/leveldb.framework",
				"${TARGET_BUILD_DIR}/${FRAMEWORKS_FOLDER_PATH}/nanopb.framework",
			);
			runOnlyForDeploymentPostprocessing = 0;
			shellPath = /bin/sh;
			shellScript = "\"${PODS_ROOT}/Target Support Files/Pods-CMUPoll-CMUPollUITests/Pods-CMUPoll-CMUPollUITests-frameworks.sh\"\n";
			showEnvVarsInLog = 0;
		};
		68C394407A5989B122D57191 /* [CP] Check Pods Manifest.lock */ = {
			isa = PBXShellScriptBuildPhase;
			buildActionMask = 2147483647;
			files = (
			);
			inputFileListPaths = (
			);
			inputPaths = (
				"${PODS_PODFILE_DIR_PATH}/Podfile.lock",
				"${PODS_ROOT}/Manifest.lock",
			);
			name = "[CP] Check Pods Manifest.lock";
			outputFileListPaths = (
			);
			outputPaths = (
				"$(DERIVED_FILE_DIR)/Pods-CMUPollTests-checkManifestLockResult.txt",
			);
			runOnlyForDeploymentPostprocessing = 0;
			shellPath = /bin/sh;
			shellScript = "diff \"${PODS_PODFILE_DIR_PATH}/Podfile.lock\" \"${PODS_ROOT}/Manifest.lock\" > /dev/null\nif [ $? != 0 ] ; then\n    # print error to STDERR\n    echo \"error: The sandbox is not in sync with the Podfile.lock. Run 'pod install' or update your CocoaPods installation.\" >&2\n    exit 1\nfi\n# This output is used by Xcode 'outputs' to avoid re-running this script phase.\necho \"SUCCESS\" > \"${SCRIPT_OUTPUT_FILE_0}\"\n";
			showEnvVarsInLog = 0;
		};
		A6E9DE1D48DE3D09673672BA /* [CP] Embed Pods Frameworks */ = {
			isa = PBXShellScriptBuildPhase;
			buildActionMask = 2147483647;
			files = (
			);
			inputFileListPaths = (
			);
			inputPaths = (
				"${PODS_ROOT}/Target Support Files/Pods-CMUPoll/Pods-CMUPoll-frameworks.sh",
				"${BUILT_PRODUCTS_DIR}/AppAuth/AppAuth.framework",
				"${BUILT_PRODUCTS_DIR}/BoringSSL-GRPC/openssl_grpc.framework",
				"${BUILT_PRODUCTS_DIR}/GTMAppAuth/GTMAppAuth.framework",
				"${BUILT_PRODUCTS_DIR}/GTMSessionFetcher/GTMSessionFetcher.framework",
				"${BUILT_PRODUCTS_DIR}/GoogleUtilities/GoogleUtilities.framework",
				"${BUILT_PRODUCTS_DIR}/Protobuf/protobuf.framework",
				"${BUILT_PRODUCTS_DIR}/RadioGroup/RadioGroup.framework",
				"${BUILT_PRODUCTS_DIR}/SweeterSwift/SweeterSwift.framework",
				"${BUILT_PRODUCTS_DIR}/gRPC-C++/grpcpp.framework",
				"${BUILT_PRODUCTS_DIR}/gRPC-Core/grpc.framework",
				"${BUILT_PRODUCTS_DIR}/leveldb-library/leveldb.framework",
				"${BUILT_PRODUCTS_DIR}/nanopb/nanopb.framework",
			);
			name = "[CP] Embed Pods Frameworks";
			outputFileListPaths = (
			);
			outputPaths = (
				"${TARGET_BUILD_DIR}/${FRAMEWORKS_FOLDER_PATH}/AppAuth.framework",
				"${TARGET_BUILD_DIR}/${FRAMEWORKS_FOLDER_PATH}/openssl_grpc.framework",
				"${TARGET_BUILD_DIR}/${FRAMEWORKS_FOLDER_PATH}/GTMAppAuth.framework",
				"${TARGET_BUILD_DIR}/${FRAMEWORKS_FOLDER_PATH}/GTMSessionFetcher.framework",
				"${TARGET_BUILD_DIR}/${FRAMEWORKS_FOLDER_PATH}/GoogleUtilities.framework",
				"${TARGET_BUILD_DIR}/${FRAMEWORKS_FOLDER_PATH}/protobuf.framework",
				"${TARGET_BUILD_DIR}/${FRAMEWORKS_FOLDER_PATH}/RadioGroup.framework",
				"${TARGET_BUILD_DIR}/${FRAMEWORKS_FOLDER_PATH}/SweeterSwift.framework",
				"${TARGET_BUILD_DIR}/${FRAMEWORKS_FOLDER_PATH}/grpcpp.framework",
				"${TARGET_BUILD_DIR}/${FRAMEWORKS_FOLDER_PATH}/grpc.framework",
				"${TARGET_BUILD_DIR}/${FRAMEWORKS_FOLDER_PATH}/leveldb.framework",
				"${TARGET_BUILD_DIR}/${FRAMEWORKS_FOLDER_PATH}/nanopb.framework",
			);
			runOnlyForDeploymentPostprocessing = 0;
			shellPath = /bin/sh;
			shellScript = "\"${PODS_ROOT}/Target Support Files/Pods-CMUPoll/Pods-CMUPoll-frameworks.sh\"\n";
			showEnvVarsInLog = 0;
		};
		D3E5E1E84155EC13B3C2972E /* [CP] Copy Pods Resources */ = {
			isa = PBXShellScriptBuildPhase;
			buildActionMask = 2147483647;
			files = (
			);
			inputFileListPaths = (
			);
			inputPaths = (
				"${PODS_ROOT}/Target Support Files/Pods-CMUPoll-CMUPollUITests/Pods-CMUPoll-CMUPollUITests-resources.sh",
				"${PODS_ROOT}/GoogleSignIn/Resources/GoogleSignIn.bundle",
			);
			name = "[CP] Copy Pods Resources";
			outputFileListPaths = (
			);
			outputPaths = (
				"${TARGET_BUILD_DIR}/${UNLOCALIZED_RESOURCES_FOLDER_PATH}/GoogleSignIn.bundle",
			);
			runOnlyForDeploymentPostprocessing = 0;
			shellPath = /bin/sh;
			shellScript = "\"${PODS_ROOT}/Target Support Files/Pods-CMUPoll-CMUPollUITests/Pods-CMUPoll-CMUPollUITests-resources.sh\"\n";
			showEnvVarsInLog = 0;
		};
/* End PBXShellScriptBuildPhase section */

/* Begin PBXSourcesBuildPhase section */
		E8D6E2C92366AFAF00F75AA2 /* Sources */ = {
			isa = PBXSourcesBuildPhase;
			buildActionMask = 2147483647;
			files = (
				E8D6E3092366B09800F75AA2 /* Like.swift in Sources */,
				E8CA4E1023729D0400AD3B72 /* QuestionBoxView.swift in Sources */,
				E8D6E3152366B0BD00F75AA2 /* PollTag.swift in Sources */,
				F0BDB4972371300100F855F6 /* RadioButtonView.swift in Sources */,
				E8D6E3192366B0C900F75AA2 /* Tag.swift in Sources */,
				E8486D10236FA0B100B875AE /* TabbarView.swift in Sources */,
				F0BDB4992371308600F855F6 /* ButtonView.swift in Sources */,
				A7CEA1562373CD3800455C50 /* AndrewLogin.swift in Sources */,
				F056C92D2370F41800C9AF6A /* PollDetailView.swift in Sources */,
				F0BDB49B2371358C00F855F6 /* AnswerGraphView.swift in Sources */,
				F0BDB49D2371372E00F855F6 /* BarGraphView.swift in Sources */,
				E8486D12236FA0B100B875AE /* AllPollsView.swift in Sources */,
				F0C9C4E4237350A200C55D90 /* PollUploaderProfileView.swift in Sources */,
				E8CA4E192373CAB400AD3B72 /* InitializeUserView.swift in Sources */,
				E8486D11236FA0B100B875AE /* SearchBarView.swift in Sources */,
				E8486D14236FA0B100B875AE /* PollsView.swift in Sources */,
				A70E95BB236B012400C38F2B /* FirebaseDataHandler.swift in Sources */,
				E8D6E3212366B0E100F75AA2 /* Answer.swift in Sources */,
				E8D6E3052366B08D00F75AA2 /* Poll.swift in Sources */,
				F0C9C4E223734C7D00C55D90 /* UploaderProfileView.swift in Sources */,
				A7A9587A236E3E4E009F2DF1 /* ModelParser.swift in Sources */,
				E8486D16236FA0B100B875AE /* PollView.swift in Sources */,
				E8D6E2D12366AFAF00F75AA2 /* AppDelegate.swift in Sources */,
				F0BDB49523712FD200F855F6 /* PollResultBoxView.swift in Sources */,
				E8486D15236FA0B100B875AE /* TagsView.swift in Sources */,
				E8D6E3112366B0B000F75AA2 /* Comment.swift in Sources */,
				E8D6E3252366B0EA00F75AA2 /* Option.swift in Sources */,
				E8CA4E0F23729D0400AD3B72 /* RadioButtonQuestionView.swift in Sources */,
				F056C931237106FC00C9AF6A /* PollDetailDescriptionView.swift in Sources */,
				E8D6E2D62366AFAF00F75AA2 /* CMUPoll.xcdatamodeld in Sources */,
				E8D6E2D82366AFAF00F75AA2 /* ContentView.swift in Sources */,
				E8CA4E1123729D0400AD3B72 /* PollCreateView.swift in Sources */,
				E8D6E2D32366AFAF00F75AA2 /* SceneDelegate.swift in Sources */,
				E8D6E31D2366B0D100F75AA2 /* Question.swift in Sources */,
				E8486D17236FA0B100B875AE /* TagFilterView.swift in Sources */,
				F056C92F2371028F00C9AF6A /* AnswerBoxView.swift in Sources */,
				A7CEA1582373CD6600455C50 /* LoginView.swift in Sources */,
				E8D6E30D2366B0A500F75AA2 /* User.swift in Sources */,
				E8486D13236FA0B100B875AE /* TagView.swift in Sources */,
			);
			runOnlyForDeploymentPostprocessing = 0;
		};
		E8D6E2E22366AFB100F75AA2 /* Sources */ = {
			isa = PBXSourcesBuildPhase;
			buildActionMask = 2147483647;
			files = (
				A73F2A4123726C5500F50FA2 /* ModelParser.swift in Sources */,
				A73F2A4023726C4D00F50FA2 /* FirebaseDataHandler.swift in Sources */,
				E8B6CBFA2371454B0056E18B /* UserTests.swift in Sources */,
				E8D6E3122366B0B000F75AA2 /* Comment.swift in Sources */,
				E8D6E31E2366B0D100F75AA2 /* Question.swift in Sources */,
				E8B6CBFF23714F7F0056E18B /* QuestionTests.swift in Sources */,
				A7577B3523710EC500FB055B /* PollTests.swift in Sources */,
				E8D6E3262366B0EA00F75AA2 /* Option.swift in Sources */,
				E8B6CC01237161800056E18B /* OptionTests.swift in Sources */,
				E8B6CC0923716CE70056E18B /* LikeTests.swift in Sources */,
				E8D6E3162366B0BD00F75AA2 /* PollTag.swift in Sources */,
				E8B6CBFD23714AE90056E18B /* TagTests.swift in Sources */,
				E8B6CC03237165CA0056E18B /* AnswerTests.swift in Sources */,
				E8D6E3222366B0E100F75AA2 /* Answer.swift in Sources */,
				E8D6E30E2366B0A500F75AA2 /* User.swift in Sources */,
				E8B6CC07237168790056E18B /* CommentTests.swift in Sources */,
				E8D6E31A2366B0C900F75AA2 /* Tag.swift in Sources */,
				E8D6E30A2366B09800F75AA2 /* Like.swift in Sources */,
				E8D6E3062366B08D00F75AA2 /* Poll.swift in Sources */,
			);
			runOnlyForDeploymentPostprocessing = 0;
		};
		E8D6E2ED2366AFB100F75AA2 /* Sources */ = {
			isa = PBXSourcesBuildPhase;
			buildActionMask = 2147483647;
			files = (
				A73F2A4323726C6500F50FA2 /* ModelParser.swift in Sources */,
				A73F2A4223726C5B00F50FA2 /* FirebaseDataHandler.swift in Sources */,
				E8D6E3132366B0B000F75AA2 /* Comment.swift in Sources */,
				E8D6E31F2366B0D100F75AA2 /* Question.swift in Sources */,
				E8D6E3272366B0EA00F75AA2 /* Option.swift in Sources */,
				E8D6E3172366B0BD00F75AA2 /* PollTag.swift in Sources */,
				E8D6E3232366B0E100F75AA2 /* Answer.swift in Sources */,
				E8D6E30F2366B0A500F75AA2 /* User.swift in Sources */,
				E8D6E31B2366B0C900F75AA2 /* Tag.swift in Sources */,
				E8D6E30B2366B09800F75AA2 /* Like.swift in Sources */,
				E8D6E3072366B08D00F75AA2 /* Poll.swift in Sources */,
				E8D6E2F62366AFB100F75AA2 /* CMUPollUITests.swift in Sources */,
			);
			runOnlyForDeploymentPostprocessing = 0;
		};
/* End PBXSourcesBuildPhase section */

/* Begin PBXTargetDependency section */
		E8D6E2E82366AFB100F75AA2 /* PBXTargetDependency */ = {
			isa = PBXTargetDependency;
			target = E8D6E2CC2366AFAF00F75AA2 /* CMUPoll */;
			targetProxy = E8D6E2E72366AFB100F75AA2 /* PBXContainerItemProxy */;
		};
		E8D6E2F32366AFB100F75AA2 /* PBXTargetDependency */ = {
			isa = PBXTargetDependency;
			target = E8D6E2CC2366AFAF00F75AA2 /* CMUPoll */;
			targetProxy = E8D6E2F22366AFB100F75AA2 /* PBXContainerItemProxy */;
		};
/* End PBXTargetDependency section */

/* Begin PBXVariantGroup section */
		E8D6E2DE2366AFB100F75AA2 /* LaunchScreen.storyboard */ = {
			isa = PBXVariantGroup;
			children = (
				E8D6E2DF2366AFB100F75AA2 /* Base */,
			);
			name = LaunchScreen.storyboard;
			sourceTree = "<group>";
		};
/* End PBXVariantGroup section */

/* Begin XCBuildConfiguration section */
		E8D6E2F82366AFB100F75AA2 /* Debug */ = {
			isa = XCBuildConfiguration;
			buildSettings = {
				ALWAYS_EMBED_SWIFT_STANDARD_LIBRARIES = YES;
				ALWAYS_SEARCH_USER_PATHS = NO;
				CLANG_ANALYZER_NONNULL = YES;
				CLANG_ANALYZER_NUMBER_OBJECT_CONVERSION = YES_AGGRESSIVE;
				CLANG_CXX_LANGUAGE_STANDARD = "gnu++14";
				CLANG_CXX_LIBRARY = "libc++";
				CLANG_ENABLE_MODULES = YES;
				CLANG_ENABLE_OBJC_ARC = YES;
				CLANG_ENABLE_OBJC_WEAK = YES;
				CLANG_WARN_BLOCK_CAPTURE_AUTORELEASING = YES;
				CLANG_WARN_BOOL_CONVERSION = YES;
				CLANG_WARN_COMMA = YES;
				CLANG_WARN_CONSTANT_CONVERSION = YES;
				CLANG_WARN_DEPRECATED_OBJC_IMPLEMENTATIONS = YES;
				CLANG_WARN_DIRECT_OBJC_ISA_USAGE = YES_ERROR;
				CLANG_WARN_DOCUMENTATION_COMMENTS = YES;
				CLANG_WARN_EMPTY_BODY = YES;
				CLANG_WARN_ENUM_CONVERSION = YES;
				CLANG_WARN_INFINITE_RECURSION = YES;
				CLANG_WARN_INT_CONVERSION = YES;
				CLANG_WARN_NON_LITERAL_NULL_CONVERSION = YES;
				CLANG_WARN_OBJC_IMPLICIT_RETAIN_SELF = YES;
				CLANG_WARN_OBJC_LITERAL_CONVERSION = YES;
				CLANG_WARN_OBJC_ROOT_CLASS = YES_ERROR;
				CLANG_WARN_RANGE_LOOP_ANALYSIS = YES;
				CLANG_WARN_STRICT_PROTOTYPES = YES;
				CLANG_WARN_SUSPICIOUS_MOVE = YES;
				CLANG_WARN_UNGUARDED_AVAILABILITY = YES_AGGRESSIVE;
				CLANG_WARN_UNREACHABLE_CODE = YES;
				CLANG_WARN__DUPLICATE_METHOD_MATCH = YES;
				COPY_PHASE_STRIP = NO;
				DEBUG_INFORMATION_FORMAT = dwarf;
				ENABLE_STRICT_OBJC_MSGSEND = YES;
				ENABLE_TESTABILITY = YES;
				GCC_C_LANGUAGE_STANDARD = gnu11;
				GCC_DYNAMIC_NO_PIC = NO;
				GCC_NO_COMMON_BLOCKS = YES;
				GCC_OPTIMIZATION_LEVEL = 0;
				GCC_PREPROCESSOR_DEFINITIONS = (
					"DEBUG=1",
					"$(inherited)",
				);
				GCC_WARN_64_TO_32_BIT_CONVERSION = YES;
				GCC_WARN_ABOUT_RETURN_TYPE = YES_ERROR;
				GCC_WARN_UNDECLARED_SELECTOR = YES;
				GCC_WARN_UNINITIALIZED_AUTOS = YES_AGGRESSIVE;
				GCC_WARN_UNUSED_FUNCTION = YES;
				GCC_WARN_UNUSED_VARIABLE = YES;
				IPHONEOS_DEPLOYMENT_TARGET = 13.1;
				MTL_ENABLE_DEBUG_INFO = INCLUDE_SOURCE;
				MTL_FAST_MATH = YES;
				ONLY_ACTIVE_ARCH = YES;
				SDKROOT = iphoneos;
				SWIFT_ACTIVE_COMPILATION_CONDITIONS = DEBUG;
				SWIFT_OPTIMIZATION_LEVEL = "-Onone";
			};
			name = Debug;
		};
		E8D6E2F92366AFB100F75AA2 /* Release */ = {
			isa = XCBuildConfiguration;
			buildSettings = {
				ALWAYS_EMBED_SWIFT_STANDARD_LIBRARIES = YES;
				ALWAYS_SEARCH_USER_PATHS = NO;
				CLANG_ANALYZER_NONNULL = YES;
				CLANG_ANALYZER_NUMBER_OBJECT_CONVERSION = YES_AGGRESSIVE;
				CLANG_CXX_LANGUAGE_STANDARD = "gnu++14";
				CLANG_CXX_LIBRARY = "libc++";
				CLANG_ENABLE_MODULES = YES;
				CLANG_ENABLE_OBJC_ARC = YES;
				CLANG_ENABLE_OBJC_WEAK = YES;
				CLANG_WARN_BLOCK_CAPTURE_AUTORELEASING = YES;
				CLANG_WARN_BOOL_CONVERSION = YES;
				CLANG_WARN_COMMA = YES;
				CLANG_WARN_CONSTANT_CONVERSION = YES;
				CLANG_WARN_DEPRECATED_OBJC_IMPLEMENTATIONS = YES;
				CLANG_WARN_DIRECT_OBJC_ISA_USAGE = YES_ERROR;
				CLANG_WARN_DOCUMENTATION_COMMENTS = YES;
				CLANG_WARN_EMPTY_BODY = YES;
				CLANG_WARN_ENUM_CONVERSION = YES;
				CLANG_WARN_INFINITE_RECURSION = YES;
				CLANG_WARN_INT_CONVERSION = YES;
				CLANG_WARN_NON_LITERAL_NULL_CONVERSION = YES;
				CLANG_WARN_OBJC_IMPLICIT_RETAIN_SELF = YES;
				CLANG_WARN_OBJC_LITERAL_CONVERSION = YES;
				CLANG_WARN_OBJC_ROOT_CLASS = YES_ERROR;
				CLANG_WARN_RANGE_LOOP_ANALYSIS = YES;
				CLANG_WARN_STRICT_PROTOTYPES = YES;
				CLANG_WARN_SUSPICIOUS_MOVE = YES;
				CLANG_WARN_UNGUARDED_AVAILABILITY = YES_AGGRESSIVE;
				CLANG_WARN_UNREACHABLE_CODE = YES;
				CLANG_WARN__DUPLICATE_METHOD_MATCH = YES;
				COPY_PHASE_STRIP = NO;
				DEBUG_INFORMATION_FORMAT = "dwarf-with-dsym";
				ENABLE_NS_ASSERTIONS = NO;
				ENABLE_STRICT_OBJC_MSGSEND = YES;
				GCC_C_LANGUAGE_STANDARD = gnu11;
				GCC_NO_COMMON_BLOCKS = YES;
				GCC_WARN_64_TO_32_BIT_CONVERSION = YES;
				GCC_WARN_ABOUT_RETURN_TYPE = YES_ERROR;
				GCC_WARN_UNDECLARED_SELECTOR = YES;
				GCC_WARN_UNINITIALIZED_AUTOS = YES_AGGRESSIVE;
				GCC_WARN_UNUSED_FUNCTION = YES;
				GCC_WARN_UNUSED_VARIABLE = YES;
				IPHONEOS_DEPLOYMENT_TARGET = 13.1;
				MTL_ENABLE_DEBUG_INFO = NO;
				MTL_FAST_MATH = YES;
				SDKROOT = iphoneos;
				SWIFT_COMPILATION_MODE = wholemodule;
				SWIFT_OPTIMIZATION_LEVEL = "-O";
				VALIDATE_PRODUCT = YES;
			};
			name = Release;
		};
		E8D6E2FB2366AFB100F75AA2 /* Debug */ = {
			isa = XCBuildConfiguration;
			baseConfigurationReference = ED4F5669A4D4277FCF9648A3 /* Pods-CMUPoll.debug.xcconfig */;
			buildSettings = {
				ALWAYS_EMBED_SWIFT_STANDARD_LIBRARIES = "$(inherited)";
				ASSETCATALOG_COMPILER_APPICON_NAME = AppIcon;
				CODE_SIGN_STYLE = Automatic;
				DEVELOPMENT_ASSET_PATHS = "\"CMUPoll/Preview Content\"";
				DEVELOPMENT_TEAM = D5RJ2CVD48;
				ENABLE_PREVIEWS = YES;
				GCC_NO_COMMON_BLOCKS = NO;
				INFOPLIST_FILE = CMUPoll/Info.plist;
				IPHONEOS_DEPLOYMENT_TARGET = 13.1;
				LD_RUNPATH_SEARCH_PATHS = (
					"$(inherited)",
					"@executable_path/Frameworks",
				);
				OTHER_LDFLAGS = (
					"$(inherited)",
					"-l\"c++\"",
					"-l\"sqlite3\"",
					"-l\"z\"",
					"-framework",
					"\"AppAuth\"",
					"-framework",
					"\"CoreGraphics\"",
					"-framework",
					"\"CoreText\"",
					"-framework",
					"\"FIRAnalyticsConnector\"",
					"-framework",
					"\"FirebaseAnalytics\"",
					"-framework",
					"\"FirebaseAuth\"",
					"-framework",
					"\"FirebaseCore\"",
					"-framework",
					"\"FirebaseCoreDiagnostics\"",
					"-framework",
					"\"FirebaseFirestore\"",
					"-framework",
					"\"FirebaseInstanceID\"",
					"-framework",
					"\"Foundation\"",
					"-framework",
					"\"GTMAppAuth\"",
					"-framework",
					"\"GTMSessionFetcher\"",
					"-framework",
					"\"GoogleAppMeasurement\"",
					"-framework",
					"\"GoogleDataTransport\"",
					"-framework",
					"\"GoogleDataTransportCCTSupport\"",
					"-framework",
					"\"GoogleSignIn\"",
					"-framework",
					"\"GoogleUtilities\"",
					"-framework",
					"\"LocalAuthentication\"",
					"-framework",
					"\"MobileCoreServices\"",
					"-framework",
					"\"RadioGroup\"",
					"-framework",
					"\"SafariServices\"",
					"-framework",
					"\"Security\"",
					"-framework",
					"\"StoreKit\"",
					"-framework",
					"\"SweeterSwift\"",
					"-framework",
					"\"SystemConfiguration\"",
					"-framework",
					"\"UIKit\"",
					"-framework",
					"\"grpc\"",
					"-framework",
					"\"grpcpp\"",
					"-framework",
					"\"leveldb\"",
					"-framework",
					"\"nanopb\"",
					"-framework",
					"\"openssl_grpc\"",
					"-framework",
					"\"protobuf\"",
					"-weak_framework",
					"\"AuthenticationServices\"",
					"-weak_framework",
					"\"SwiftUI\"",
				);
				PRODUCT_BUNDLE_IDENTIFIER = edu.cmu.cmupoll;
				PRODUCT_NAME = "$(TARGET_NAME)";
				SWIFT_VERSION = 5.0;
				TARGETED_DEVICE_FAMILY = "1,2";
			};
			name = Debug;
		};
		E8D6E2FC2366AFB100F75AA2 /* Release */ = {
			isa = XCBuildConfiguration;
			baseConfigurationReference = 35A13B9A0071AAC80960FA27 /* Pods-CMUPoll.release.xcconfig */;
			buildSettings = {
				ALWAYS_EMBED_SWIFT_STANDARD_LIBRARIES = "$(inherited)";
				ASSETCATALOG_COMPILER_APPICON_NAME = AppIcon;
				CODE_SIGN_STYLE = Automatic;
				DEVELOPMENT_ASSET_PATHS = "\"CMUPoll/Preview Content\"";
				DEVELOPMENT_TEAM = D5RJ2CVD48;
				ENABLE_PREVIEWS = YES;
				GCC_NO_COMMON_BLOCKS = NO;
				INFOPLIST_FILE = CMUPoll/Info.plist;
				IPHONEOS_DEPLOYMENT_TARGET = 13.1;
				LD_RUNPATH_SEARCH_PATHS = (
					"$(inherited)",
					"@executable_path/Frameworks",
				);
				OTHER_LDFLAGS = (
					"$(inherited)",
					"-l\"c++\"",
					"-l\"sqlite3\"",
					"-l\"z\"",
					"-framework",
					"\"AppAuth\"",
					"-framework",
					"\"CoreGraphics\"",
					"-framework",
					"\"CoreText\"",
					"-framework",
					"\"FIRAnalyticsConnector\"",
					"-framework",
					"\"FirebaseAnalytics\"",
					"-framework",
					"\"FirebaseAuth\"",
					"-framework",
					"\"FirebaseCore\"",
					"-framework",
					"\"FirebaseCoreDiagnostics\"",
					"-framework",
					"\"FirebaseFirestore\"",
					"-framework",
					"\"FirebaseInstanceID\"",
					"-framework",
					"\"Foundation\"",
					"-framework",
					"\"GTMAppAuth\"",
					"-framework",
					"\"GTMSessionFetcher\"",
					"-framework",
					"\"GoogleAppMeasurement\"",
					"-framework",
					"\"GoogleDataTransport\"",
					"-framework",
					"\"GoogleDataTransportCCTSupport\"",
					"-framework",
					"\"GoogleSignIn\"",
					"-framework",
					"\"GoogleUtilities\"",
					"-framework",
					"\"LocalAuthentication\"",
					"-framework",
					"\"MobileCoreServices\"",
					"-framework",
					"\"RadioGroup\"",
					"-framework",
					"\"SafariServices\"",
					"-framework",
					"\"Security\"",
					"-framework",
					"\"StoreKit\"",
					"-framework",
					"\"SweeterSwift\"",
					"-framework",
					"\"SystemConfiguration\"",
					"-framework",
					"\"UIKit\"",
					"-framework",
					"\"grpc\"",
					"-framework",
					"\"grpcpp\"",
					"-framework",
					"\"leveldb\"",
					"-framework",
					"\"nanopb\"",
					"-framework",
					"\"openssl_grpc\"",
					"-framework",
					"\"protobuf\"",
					"-weak_framework",
					"\"AuthenticationServices\"",
					"-weak_framework",
					"\"SwiftUI\"",
				);
				PRODUCT_BUNDLE_IDENTIFIER = edu.cmu.cmupoll;
				PRODUCT_NAME = "$(TARGET_NAME)";
				SWIFT_VERSION = 5.0;
				TARGETED_DEVICE_FAMILY = "1,2";
			};
			name = Release;
		};
		E8D6E2FE2366AFB100F75AA2 /* Debug */ = {
			isa = XCBuildConfiguration;
			baseConfigurationReference = E2D03E46D51A3DE107BE5D16 /* Pods-CMUPollTests.debug.xcconfig */;
			buildSettings = {
				ALWAYS_EMBED_SWIFT_STANDARD_LIBRARIES = "$(inherited)";
				BUNDLE_LOADER = "$(TEST_HOST)";
				CODE_SIGN_STYLE = Automatic;
				INFOPLIST_FILE = CMUPollTests/Info.plist;
				IPHONEOS_DEPLOYMENT_TARGET = 13.1;
				LD_RUNPATH_SEARCH_PATHS = (
					"$(inherited)",
					"@executable_path/Frameworks",
					"@loader_path/Frameworks",
				);
				PRODUCT_BUNDLE_IDENTIFIER = "Aiden-Lee.CMUPollTests";
				PRODUCT_NAME = "$(TARGET_NAME)";
				SWIFT_VERSION = 5.0;
				TARGETED_DEVICE_FAMILY = "1,2";
				TEST_HOST = "$(BUILT_PRODUCTS_DIR)/CMUPoll.app/CMUPoll";
			};
			name = Debug;
		};
		E8D6E2FF2366AFB100F75AA2 /* Release */ = {
			isa = XCBuildConfiguration;
			baseConfigurationReference = DBC6774DA1CB6D9CDB5EF08B /* Pods-CMUPollTests.release.xcconfig */;
			buildSettings = {
				ALWAYS_EMBED_SWIFT_STANDARD_LIBRARIES = "$(inherited)";
				BUNDLE_LOADER = "$(TEST_HOST)";
				CODE_SIGN_STYLE = Automatic;
				INFOPLIST_FILE = CMUPollTests/Info.plist;
				IPHONEOS_DEPLOYMENT_TARGET = 13.1;
				LD_RUNPATH_SEARCH_PATHS = (
					"$(inherited)",
					"@executable_path/Frameworks",
					"@loader_path/Frameworks",
				);
				PRODUCT_BUNDLE_IDENTIFIER = "Aiden-Lee.CMUPollTests";
				PRODUCT_NAME = "$(TARGET_NAME)";
				SWIFT_VERSION = 5.0;
				TARGETED_DEVICE_FAMILY = "1,2";
				TEST_HOST = "$(BUILT_PRODUCTS_DIR)/CMUPoll.app/CMUPoll";
			};
			name = Release;
		};
		E8D6E3012366AFB100F75AA2 /* Debug */ = {
			isa = XCBuildConfiguration;
			baseConfigurationReference = 8C950119B7157C759B249D32 /* Pods-CMUPoll-CMUPollUITests.debug.xcconfig */;
			buildSettings = {
				ALWAYS_EMBED_SWIFT_STANDARD_LIBRARIES = "$(inherited)";
				"CODE_SIGN_IDENTITY[sdk=macosx*]" = "Apple Development";
				CODE_SIGN_STYLE = Automatic;
				INFOPLIST_FILE = CMUPollUITests/Info.plist;
				IPHONEOS_DEPLOYMENT_TARGET = 13.1;
				LD_RUNPATH_SEARCH_PATHS = (
					"$(inherited)",
					"@executable_path/Frameworks",
					"@loader_path/Frameworks",
				);
				PRODUCT_BUNDLE_IDENTIFIER = "Aiden-Lee.CMUPollUITests";
				PRODUCT_NAME = "$(TARGET_NAME)";
				SWIFT_VERSION = 5.0;
				TARGETED_DEVICE_FAMILY = "1,2";
				TEST_TARGET_NAME = CMUPoll;
			};
			name = Debug;
		};
		E8D6E3022366AFB100F75AA2 /* Release */ = {
			isa = XCBuildConfiguration;
			baseConfigurationReference = 9942737FF4E53FF11134504F /* Pods-CMUPoll-CMUPollUITests.release.xcconfig */;
			buildSettings = {
				ALWAYS_EMBED_SWIFT_STANDARD_LIBRARIES = "$(inherited)";
				"CODE_SIGN_IDENTITY[sdk=macosx*]" = "Apple Development";
				CODE_SIGN_STYLE = Automatic;
				INFOPLIST_FILE = CMUPollUITests/Info.plist;
				IPHONEOS_DEPLOYMENT_TARGET = 13.1;
				LD_RUNPATH_SEARCH_PATHS = (
					"$(inherited)",
					"@executable_path/Frameworks",
					"@loader_path/Frameworks",
				);
				PRODUCT_BUNDLE_IDENTIFIER = "Aiden-Lee.CMUPollUITests";
				PRODUCT_NAME = "$(TARGET_NAME)";
				SWIFT_VERSION = 5.0;
				TARGETED_DEVICE_FAMILY = "1,2";
				TEST_TARGET_NAME = CMUPoll;
			};
			name = Release;
		};
/* End XCBuildConfiguration section */

/* Begin XCConfigurationList section */
		E8D6E2C82366AFAF00F75AA2 /* Build configuration list for PBXProject "CMUPoll" */ = {
			isa = XCConfigurationList;
			buildConfigurations = (
				E8D6E2F82366AFB100F75AA2 /* Debug */,
				E8D6E2F92366AFB100F75AA2 /* Release */,
			);
			defaultConfigurationIsVisible = 0;
			defaultConfigurationName = Release;
		};
		E8D6E2FA2366AFB100F75AA2 /* Build configuration list for PBXNativeTarget "CMUPoll" */ = {
			isa = XCConfigurationList;
			buildConfigurations = (
				E8D6E2FB2366AFB100F75AA2 /* Debug */,
				E8D6E2FC2366AFB100F75AA2 /* Release */,
			);
			defaultConfigurationIsVisible = 0;
			defaultConfigurationName = Release;
		};
		E8D6E2FD2366AFB100F75AA2 /* Build configuration list for PBXNativeTarget "CMUPollTests" */ = {
			isa = XCConfigurationList;
			buildConfigurations = (
				E8D6E2FE2366AFB100F75AA2 /* Debug */,
				E8D6E2FF2366AFB100F75AA2 /* Release */,
			);
			defaultConfigurationIsVisible = 0;
			defaultConfigurationName = Release;
		};
		E8D6E3002366AFB100F75AA2 /* Build configuration list for PBXNativeTarget "CMUPollUITests" */ = {
			isa = XCConfigurationList;
			buildConfigurations = (
				E8D6E3012366AFB100F75AA2 /* Debug */,
				E8D6E3022366AFB100F75AA2 /* Release */,
			);
			defaultConfigurationIsVisible = 0;
			defaultConfigurationName = Release;
		};
/* End XCConfigurationList section */

/* Begin XCVersionGroup section */
		E8D6E2D42366AFAF00F75AA2 /* CMUPoll.xcdatamodeld */ = {
			isa = XCVersionGroup;
			children = (
				E8D6E2D52366AFAF00F75AA2 /* CMUPoll.xcdatamodel */,
			);
			currentVersion = E8D6E2D52366AFAF00F75AA2 /* CMUPoll.xcdatamodel */;
			path = CMUPoll.xcdatamodeld;
			sourceTree = "<group>";
			versionGroupType = wrapper.xcdatamodel;
		};
/* End XCVersionGroup section */
	};
	rootObject = E8D6E2C52366AFAF00F75AA2 /* Project object */;
}
